{
  "name": "save-progress",
  "version": "1.0.0",
  "lockfileVersion": 2,
  "requires": true,
  "packages": {
    "": {
      "name": "save-progress",
      "version": "1.0.0",
      "license": "ISC",
      "dependencies": {
        "chrome-types": "^0.1.141"
      }
    },
    "node_modules/chrome-types": {
      "version": "0.1.141",
      "resolved": "https://registry.npmjs.org/chrome-types/-/chrome-types-0.1.141.tgz",
      "integrity": "sha512-8cEWO+6Rlq4DULkG0656cNIFaawXBzG9lw01/j82nYovDgvh6Yo4PUa3KS3kl4MhgRGfpRH4W/Dm2wOs6mjpew=="
    }
  },
  "dependencies": {
    "chrome-types": {
      "version": "0.1.141",
      "resolved": "https://registry.npmjs.org/chrome-types/-/chrome-types-0.1.141.tgz",
      "integrity": "sha512-8cEWO+6Rlq4DULkG0656cNIFaawXBzG9lw01/j82nYovDgvh6Yo4PUa3KS3kl4MhgRGfpRH4W/Dm2wOs6mjpew=="
    }
  }
}
